
Microsoft Visual Studio Solution File, Format Version 11.00
# Visual Studio 2010
Project("{FAE04EC0-301F-11D3-BF4B-00C04F79EFBC}") = "Assembly-CSharp", "Assembly-CSharp.csproj", "{21183A5F-96BE-ECB2-6D08-6BDF940B8910}"
EndProject
Project("{FAE04EC0-301F-11D3-BF4B-00C04F79EFBC}") = "NavMeshComponents", "NavMeshComponents.csproj", "{A4A6A104-D2A2-3E7B-03A5-F3801E21A966}"
EndProject
Project("{FAE04EC0-301F-11D3-BF4B-00C04F79EFBC}") = "NavMeshComponentsEditor", "NavMeshComponentsEditor.csproj", "{8F77AD59-0703-F8C1-52AE-A2561EE53A51}"
EndProject
Project("{FAE04EC0-301F-11D3-BF4B-00C04F79EFBC}") = "Assembly-CSharp-Editor", "Assembly-CSharp-Editor.csproj", "{27770725-E980-4B7E-EBED-CA6055B029B8}"
EndProject
Project("{FAE04EC0-301F-11D3-BF4B-00C04F79EFBC}") = "Unity.2DPlatformer.Tutorials", "Unity.2DPlatformer.Tutorials.csproj", "{E295FB8F-3C2C-1628-7BCD-CD1105AC9766}"
EndProject
Global
	GlobalSection(SolutionConfigurationPlatforms) = preSolution
		Debug|Any CPU = Debug|Any CPU
		Release|Any CPU = Release|Any CPU
	EndGlobalSection
	GlobalSection(ProjectConfigurationPlatforms) = postSolution
		{21183A5F-96BE-ECB2-6D08-6BDF940B8910}.Debug|Any CPU.ActiveCfg = Debug|Any CPU
		{21183A5F-96BE-ECB2-6D08-6BDF940B8910}.Debug|Any CPU.Build.0 = Debug|Any CPU
		{21183A5F-96BE-ECB2-6D08-6BDF940B8910}.Release|Any CPU.ActiveCfg = Release|Any CPU
		{21183A5F-96BE-ECB2-6D08-6BDF940B8910}.Release|Any CPU.Build.0 = Release|Any CPU
		{A4A6A104-D2A2-3E7B-03A5-F3801E21A966}.Debug|Any CPU.ActiveCfg = Debug|Any CPU
		{A4A6A104-D2A2-3E7B-03A5-F3801E21A966}.Debug|Any CPU.Build.0 = Debug|Any CPU
		{A4A6A104-D2A2-3E7B-03A5-F3801E21A966}.Release|Any CPU.ActiveCfg = Release|Any CPU
		{A4A6A104-D2A2-3E7B-03A5-F3801E21A966}.Release|Any CPU.Build.0 = Release|Any CPU
		{8F77AD59-0703-F8C1-52AE-A2561EE53A51}.Debug|Any CPU.ActiveCfg = Debug|Any CPU
		{8F77AD59-0703-F8C1-52AE-A2561EE53A51}.Debug|Any CPU.Build.0 = Debug|Any CPU
		{8F77AD59-0703-F8C1-52AE-A2561EE53A51}.Release|Any CPU.ActiveCfg = Release|Any CPU
		{8F77AD59-0703-F8C1-52AE-A2561EE53A51}.Release|Any CPU.Build.0 = Release|Any CPU
		{27770725-E980-4B7E-EBED-CA6055B029B8}.Debug|Any CPU.ActiveCfg = Debug|Any CPU
		{27770725-E980-4B7E-EBED-CA6055B029B8}.Debug|Any CPU.Build.0 = Debug|Any CPU
		{27770725-E980-4B7E-EBED-CA6055B029B8}.Release|Any CPU.ActiveCfg = Release|Any CPU
		{27770725-E980-4B7E-EBED-CA6055B029B8}.Release|Any CPU.Build.0 = Release|Any CPU
		{E295FB8F-3C2C-1628-7BCD-CD1105AC9766}.Debug|Any CPU.ActiveCfg = Debug|Any CPU
		{E295FB8F-3C2C-1628-7BCD-CD1105AC9766}.Debug|Any CPU.Build.0 = Debug|Any CPU
		{E295FB8F-3C2C-1628-7BCD-CD1105AC9766}.Release|Any CPU.ActiveCfg = Release|Any CPU
		{E295FB8F-3C2C-1628-7BCD-CD1105AC9766}.Release|Any CPU.Build.0 = Release|Any CPU
	EndGlobalSection
	GlobalSection(SolutionProperties) = preSolution
		HideSolutionNode = FALSE
	EndGlobalSection
EndGlobal
